<?xml version="1.0" encoding="utf-8"?>
<Project ToolsVersion="4.0" xmlns="http://schemas.microsoft.com/developer/msbuild/2003">
  <ItemGroup>
    <ClCompile Include="NodeEditor\Nodes\MathNodes\AddNode.cpp" />
    <ClCompile Include="NodeEditor\BaseTypes\GraphVariable.cpp" />
    <ClCompile Include="NodeEditor\BaseTypes\NodeTypes.cpp" />
    <ClCompile Include="NodeEditor\Nodes\GraphNodeBase.cpp" />
    <ClCompile Include="Core\EditorSystem.cpp" />
    <ClCompile Include="NodeEditor\Manager\GraphManager.cpp" />
    <ClCompile Include="NodeEditor\Manager\GraphNodeRegistry.cpp" />
    <ClCompile Include="NodeEditor\BaseTypes\GraphNodeInstance.cpp" />
    <ClCompile Include="NodeEditor\BaseTypes\GraphNodePin.cpp" />
    <ClCompile Include="Scene\EditorScene.cpp" />
    <ClCompile Include="Core\EditorWindow.cpp" />
    <ClCompile Include="Managers\EditorManager.cpp" />
    <ClCompile Include="EditorPch.cpp" />
    <ClCompile Include="Main.cpp" />
    <ClCompile Include="Core\EditorMainSingleton.cpp" />
    <ClCompile Include="PostMaster\EditorPostMaster.cpp" />
    <ClCompile Include="Systems\Guizmos.cpp" />
    <ClCompile Include="Systems\SceneSaving.cpp" />
    <ClCompile Include="NodeEditor\Manager\UID.cpp" />
    <ClCompile Include="NodeEditor\BaseTypes\TemplateHelper.cpp" />
    <ClCompile Include="Utils\ThemeUtils.cpp" />
    <ClCompile Include="NodeEditor\Nodes\Variable\VariableNode.cpp" />
    <ClCompile Include="Windows\ContentBrowser.cpp" />
    <ClCompile Include="Windows\Hierarchy.cpp" />
    <ClCompile Include="Windows\Inspector.cpp" />
    <ClCompile Include="Systems\Toolbar.cpp" />
    <ClCompile Include="Windows\MaterialEditor.cpp" />
    <ClCompile Include="Windows\NodeEditor.cpp" />
    <ClCompile Include="Windows\RenderDebugger.cpp" />
    <ClCompile Include="Windows\Viewport.cpp" />
    <ClCompile Include="NodeEditor\Nodes\Base\StartNode.cpp" />
    <ClCompile Include="NodeEditor\Nodes\Debug\PrintNode.cpp" />
  </ItemGroup>
  <ItemGroup>
    <ClInclude Include="NodeEditor\Nodes\MathNodes\AddNode.h" />
    <ClInclude Include="NodeEditor\BaseTypes\GraphVariable.h" />
    <ClInclude Include="NodeEditor\Nodes\GraphNodeBase.h" />
    <ClInclude Include="NodeEditor\Manager\GraphManager.h" />
    <ClInclude Include="NodeEditor\Manager\GraphNodeRegistry.h" />
    <ClInclude Include="NodeEditor\BaseTypes\GraphNodeInstance.h" />
    <ClInclude Include="NodeEditor\BaseTypes\GraphNodePin.h" />
    <ClInclude Include="NodeEditor\BaseTypes\NodeTypes.h" />
    <ClInclude Include="Scene\EditorScene.h" />
    <ClInclude Include="Core\EditorSystem.h" />
    <ClInclude Include="Core\EditorWindow.h" />
    <ClInclude Include="Managers\EditorManager.h" />
    <ClInclude Include="EditorPch.h" />
    <ClInclude Include="PostMaster\EditorCommandTypes.hpp" />
    <ClInclude Include="Core\EditorMainSingleton.h" />
    <ClInclude Include="PostMaster\EditorPostObserver.h" />
    <ClInclude Include="Systems\Guizmos.h" />
    <ClInclude Include="Systems\SceneSaving.h" />
    <ClInclude Include="NodeEditor\Manager\UID.h" />
    <ClInclude Include="NodeEditor\BaseTypes\TemplateHelper.h" />
    <ClInclude Include="Utils\ThemeUtils.h" />
    <ClInclude Include="NodeEditor\Nodes\Variable\VariableNode.h" />
    <ClInclude Include="Windows\ContentBrowser.h" />
    <ClInclude Include="Windows\Hierarchy.h" />
    <ClInclude Include="PostMaster\EditorPostMaster.h" />
    <ClInclude Include="Windows\Inspector.h" />
    <ClInclude Include="Systems\Toolbar.h" />
    <ClInclude Include="Windows\MaterialEditor.h" />
    <ClInclude Include="Windows\NodeEditor.h" />
    <ClInclude Include="Windows\Viewport.h" />
    <ClInclude Include="NodeEditor\Nodes\Base\StartNode.h" />
    <ClInclude Include="NodeEditor\Nodes\Debug\PrintNode.h" />
  </ItemGroup>
  <ItemGroup>
    <None Include="Windows\RenderDebugger.h" />
  </ItemGroup>
</Project>