<?xml version="1.0" encoding="utf-8"?>
<Project ToolsVersion="4.0" xmlns="http://schemas.microsoft.com/developer/msbuild/2003">
  <ItemGroup>
    <Filter Include="Source Files">
      <UniqueIdentifier>{4FC737F1-C7A5-4376-A066-2A32D752A2FF}</UniqueIdentifier>
      <Extensions>cpp;c;cc;cxx;c++;cppm;ixx;def;odl;idl;hpj;bat;asm;asmx</Extensions>
    </Filter>
    <Filter Include="Header Files">
      <UniqueIdentifier>{93995380-89BD-4b04-88EB-625FBE52EBFB}</UniqueIdentifier>
      <Extensions>h;hh;hpp;hxx;h++;hm;inl;inc;ipp;xsd</Extensions>
    </Filter>
    <Filter Include="Resource Files">
      <UniqueIdentifier>{67DA6AB6-F800-4c08-8B7A-83BB121AAD01}</UniqueIdentifier>
      <Extensions>rc;ico;cur;bmp;dlg;rc2;rct;bin;rgs;gif;jpg;jpeg;jpe;resx;tiff;tif;png;wav;mfcribbon-ms</Extensions>
    </Filter>
  </ItemGroup>
  <ItemGroup>
    <ClInclude Include="framework.h">
      <Filter>Header Files</Filter>
    </ClInclude>
    <ClInclude Include="AABB3D.hpp">
      <Filter>Header Files</Filter>
    </ClInclude>
    <ClInclude Include="BSTNode.hpp">
      <Filter>Header Files</Filter>
    </ClInclude>
    <ClInclude Include="BSTSet.hpp">
      <Filter>Header Files</Filter>
    </ClInclude>
    <ClInclude Include="BSTSetNode.hpp">
      <Filter>Header Files</Filter>
    </ClInclude>
    <ClInclude Include="Constants.hpp">
      <Filter>Header Files</Filter>
    </ClInclude>
    <ClInclude Include="ContainerIncludes.hpp">
      <Filter>Header Files</Filter>
    </ClInclude>
    <ClInclude Include="DoublyLinkedList.hpp">
      <Filter>Header Files</Filter>
    </ClInclude>
    <ClInclude Include="DoublyLinkedListNode.hpp">
      <Filter>Header Files</Filter>
    </ClInclude>
    <ClInclude Include="GrowingArray.hpp">
      <Filter>Header Files</Filter>
    </ClInclude>
    <ClInclude Include="Hash.hpp">
      <Filter>Header Files</Filter>
    </ClInclude>
    <ClInclude Include="HashMap.hpp">
      <Filter>Header Files</Filter>
    </ClInclude>
    <ClInclude Include="Heap.hpp">
      <Filter>Header Files</Filter>
    </ClInclude>
    <ClInclude Include="HLSLMappings.hpp">
      <Filter>Header Files</Filter>
    </ClInclude>
    <ClInclude Include="HorsPool.hpp">
      <Filter>Header Files</Filter>
    </ClInclude>
    <ClInclude Include="Input.h">
      <Filter>Header Files</Filter>
    </ClInclude>
    <ClInclude Include="Intersection.hpp">
      <Filter>Header Files</Filter>
    </ClInclude>
    <ClInclude Include="IntersectionIncludes.hpp">
      <Filter>Header Files</Filter>
    </ClInclude>
    <ClInclude Include="io.hpp">
      <Filter>Header Files</Filter>
    </ClInclude>
    <ClInclude Include="Line.hpp">
      <Filter>Header Files</Filter>
    </ClInclude>
    <ClInclude Include="LineVolume.hpp">
      <Filter>Header Files</Filter>
    </ClInclude>
    <ClInclude Include="MathIncludes.hpp">
      <Filter>Header Files</Filter>
    </ClInclude>
    <ClInclude Include="Maths.h">
      <Filter>Header Files</Filter>
    </ClInclude>
    <ClInclude Include="Matrix.hpp">
      <Filter>Header Files</Filter>
    </ClInclude>
    <ClInclude Include="Matrix2x2.hpp">
      <Filter>Header Files</Filter>
    </ClInclude>
    <ClInclude Include="Matrix3x3.hpp">
      <Filter>Header Files</Filter>
    </ClInclude>
    <ClInclude Include="Matrix4x4.hpp">
      <Filter>Header Files</Filter>
    </ClInclude>
    <ClInclude Include="Plane.hpp">
      <Filter>Header Files</Filter>
    </ClInclude>
    <ClInclude Include="PlaneVolume.hpp">
      <Filter>Header Files</Filter>
    </ClInclude>
    <ClInclude Include="Point.h">
      <Filter>Header Files</Filter>
    </ClInclude>
    <ClInclude Include="Quaternion.hpp">
      <Filter>Header Files</Filter>
    </ClInclude>
    <ClInclude Include="Queue.hpp">
      <Filter>Header Files</Filter>
    </ClInclude>
    <ClInclude Include="Ray.hpp">
      <Filter>Header Files</Filter>
    </ClInclude>
    <ClInclude Include="Sphere.hpp">
      <Filter>Header Files</Filter>
    </ClInclude>
    <ClInclude Include="Stack.hpp">
      <Filter>Header Files</Filter>
    </ClInclude>
    <ClInclude Include="Timer.h">
      <Filter>Header Files</Filter>
    </ClInclude>
    <ClInclude Include="Triangle.hpp">
      <Filter>Header Files</Filter>
    </ClInclude>
    <ClInclude Include="Vector.hpp">
      <Filter>Header Files</Filter>
    </ClInclude>
    <ClInclude Include="Vector2.hpp">
      <Filter>Header Files</Filter>
    </ClInclude>
    <ClInclude Include="Vector3.hpp">
      <Filter>Header Files</Filter>
    </ClInclude>
    <ClInclude Include="Vector4.hpp">
      <Filter>Header Files</Filter>
    </ClInclude>
    <ClInclude Include="DArray.hpp">
      <Filter>Header Files</Filter>
    </ClInclude>
    <ClInclude Include="Mat3Fwd.hpp">
      <Filter>Header Files</Filter>
    </ClInclude>
    <ClInclude Include="Mat2Fwd.hpp">
      <Filter>Header Files</Filter>
    </ClInclude>
    <ClInclude Include="Mat4Fwd.hpp">
      <Filter>Header Files</Filter>
    </ClInclude>
    <ClInclude Include="CU.h">
      <Filter>Header Files</Filter>
    </ClInclude>
  </ItemGroup>
  <ItemGroup>
    <ClCompile Include="Dynamo-CommonUtilities.cpp">
      <Filter>Source Files</Filter>
    </ClCompile>
    <ClCompile Include="Input.cpp">
      <Filter>Source Files</Filter>
    </ClCompile>
    <ClCompile Include="Point.cpp">
      <Filter>Source Files</Filter>
    </ClCompile>
    <ClCompile Include="Timer.cpp">
      <Filter>Source Files</Filter>
    </ClCompile>
  </ItemGroup>
</Project>